
Microsoft Visual Studio Solution File, Format Version 12.00
# Visual Studio Version 17
VisualStudioVersion = 17.5.33424.131
MinimumVisualStudioVersion = 10.0.40219.1
Project("{FAE04EC0-301F-11D3-BF4B-00C04F79EFBC}") = "HelloWord", "HelloWord\HelloWord.csproj", "{338ECF29-12AA-4006-A9A5-71B86B738A01}"
EndProject
Global
	GlobalSection(SolutionConfigurationPlatforms) = preSolution
		Debug|Any CPU = Debug|Any CPU
		Release|Any CPU = Release|Any CPU
	EndGlobalSection
	GlobalSection(ProjectConfigurationPlatforms) = postSolution
		{338ECF29-12AA-4006-A9A5-71B86B738A01}.Debug|Any CPU.ActiveCfg = Debug|Any CPU
		{338ECF29-12AA-4006-A9A5-71B86B738A01}.Debug|Any CPU.Build.0 = Debug|Any CPU
		{338ECF29-12AA-4006-A9A5-71B86B738A01}.Release|Any CPU.ActiveCfg = Release|Any CPU
		{338ECF29-12AA-4006-A9A5-71B86B738A01}.Release|Any CPU.Build.0 = Release|Any CPU
	EndGlobalSection
	GlobalSection(SolutionProperties) = preSolution
		HideSolutionNode = FALSE
	EndGlobalSection
	GlobalSection(ExtensibilityGlobals) = postSolution
		SolutionGuid = {49A630AB-2B67-4BFF-AF43-C832F53CCB21}
	EndGlobalSection
EndGlobal
